
Microsoft Visual Studio Solution File, Format Version 12.00
# Visual Studio Version 16
VisualStudioVersion = 16.0.34407.143
MinimumVisualStudioVersion = 10.0.40219.1
Project("{FAE04EC0-301F-11D3-BF4B-00C04F79EFBC}") = "XamarinNetworkSLN.UWP", "XamarinNetworkSLN\XamarinNetworkSLN.UWP\XamarinNetworkSLN.UWP.csproj", "{93EEF9A3-A032-4770-A231-16D44B1AD303}"
EndProject
Project("{FAE04EC0-301F-11D3-BF4B-00C04F79EFBC}") = "XamarinNetworkSLN.Android", "XamarinNetworkSLN\XamarinNetworkSLN.Android\XamarinNetworkSLN.Android.csproj", "{D262753A-060A-4B7C-8231-25BFE288ED5E}"
EndProject
Project("{FAE04EC0-301F-11D3-BF4B-00C04F79EFBC}") = "XamarinNetworkSLN", "XamarinNetworkSLN\XamarinNetworkSLN\XamarinNetworkSLN.csproj", "{D5DCCAAE-5EDE-4FBD-8CED-BF0425C082AA}"
EndProject
Global
	GlobalSection(SolutionConfigurationPlatforms) = preSolution
		Debug|Any CPU = Debug|Any CPU
		Debug|ARM = Debug|ARM
		Debug|x64 = Debug|x64
		Debug|x86 = Debug|x86
		Release|Any CPU = Release|Any CPU
		Release|ARM = Release|ARM
		Release|x64 = Release|x64
		Release|x86 = Release|x86
	EndGlobalSection
	GlobalSection(ProjectConfigurationPlatforms) = postSolution
		{93EEF9A3-A032-4770-A231-16D44B1AD303}.Debug|Any CPU.ActiveCfg = Debug|x86
		{93EEF9A3-A032-4770-A231-16D44B1AD303}.Debug|Any CPU.Build.0 = Debug|x86
		{93EEF9A3-A032-4770-A231-16D44B1AD303}.Debug|Any CPU.Deploy.0 = Debug|x86
		{93EEF9A3-A032-4770-A231-16D44B1AD303}.Debug|ARM.ActiveCfg = Debug|ARM
		{93EEF9A3-A032-4770-A231-16D44B1AD303}.Debug|ARM.Build.0 = Debug|ARM
		{93EEF9A3-A032-4770-A231-16D44B1AD303}.Debug|ARM.Deploy.0 = Debug|ARM
		{93EEF9A3-A032-4770-A231-16D44B1AD303}.Debug|x64.ActiveCfg = Debug|x64
		{93EEF9A3-A032-4770-A231-16D44B1AD303}.Debug|x64.Build.0 = Debug|x64
		{93EEF9A3-A032-4770-A231-16D44B1AD303}.Debug|x64.Deploy.0 = Debug|x64
		{93EEF9A3-A032-4770-A231-16D44B1AD303}.Debug|x86.ActiveCfg = Debug|x86
		{93EEF9A3-A032-4770-A231-16D44B1AD303}.Debug|x86.Build.0 = Debug|x86
		{93EEF9A3-A032-4770-A231-16D44B1AD303}.Debug|x86.Deploy.0 = Debug|x86
		{93EEF9A3-A032-4770-A231-16D44B1AD303}.Release|Any CPU.ActiveCfg = Release|x86
		{93EEF9A3-A032-4770-A231-16D44B1AD303}.Release|Any CPU.Build.0 = Release|x86
		{93EEF9A3-A032-4770-A231-16D44B1AD303}.Release|Any CPU.Deploy.0 = Release|x86
		{93EEF9A3-A032-4770-A231-16D44B1AD303}.Release|ARM.ActiveCfg = Release|ARM
		{93EEF9A3-A032-4770-A231-16D44B1AD303}.Release|ARM.Build.0 = Release|ARM
		{93EEF9A3-A032-4770-A231-16D44B1AD303}.Release|ARM.Deploy.0 = Release|ARM
		{93EEF9A3-A032-4770-A231-16D44B1AD303}.Release|x64.ActiveCfg = Release|x64
		{93EEF9A3-A032-4770-A231-16D44B1AD303}.Release|x64.Build.0 = Release|x64
		{93EEF9A3-A032-4770-A231-16D44B1AD303}.Release|x64.Deploy.0 = Release|x64
		{93EEF9A3-A032-4770-A231-16D44B1AD303}.Release|x86.ActiveCfg = Release|x86
		{93EEF9A3-A032-4770-A231-16D44B1AD303}.Release|x86.Build.0 = Release|x86
		{93EEF9A3-A032-4770-A231-16D44B1AD303}.Release|x86.Deploy.0 = Release|x86
		{D262753A-060A-4B7C-8231-25BFE288ED5E}.Debug|Any CPU.ActiveCfg = Debug|Any CPU
		{D262753A-060A-4B7C-8231-25BFE288ED5E}.Debug|Any CPU.Build.0 = Debug|Any CPU
		{D262753A-060A-4B7C-8231-25BFE288ED5E}.Debug|Any CPU.Deploy.0 = Debug|Any CPU
		{D262753A-060A-4B7C-8231-25BFE288ED5E}.Debug|ARM.ActiveCfg = Debug|Any CPU
		{D262753A-060A-4B7C-8231-25BFE288ED5E}.Debug|ARM.Build.0 = Debug|Any CPU
		{D262753A-060A-4B7C-8231-25BFE288ED5E}.Debug|ARM.Deploy.0 = Debug|Any CPU
		{D262753A-060A-4B7C-8231-25BFE288ED5E}.Debug|x64.ActiveCfg = Debug|Any CPU
		{D262753A-060A-4B7C-8231-25BFE288ED5E}.Debug|x64.Build.0 = Debug|Any CPU
		{D262753A-060A-4B7C-8231-25BFE288ED5E}.Debug|x64.Deploy.0 = Debug|Any CPU
		{D262753A-060A-4B7C-8231-25BFE288ED5E}.Debug|x86.ActiveCfg = Debug|Any CPU
		{D262753A-060A-4B7C-8231-25BFE288ED5E}.Debug|x86.Build.0 = Debug|Any CPU
		{D262753A-060A-4B7C-8231-25BFE288ED5E}.Debug|x86.Deploy.0 = Debug|Any CPU
		{D262753A-060A-4B7C-8231-25BFE288ED5E}.Release|Any CPU.ActiveCfg = Release|Any CPU
		{D262753A-060A-4B7C-8231-25BFE288ED5E}.Release|Any CPU.Build.0 = Release|Any CPU
		{D262753A-060A-4B7C-8231-25BFE288ED5E}.Release|Any CPU.Deploy.0 = Release|Any CPU
		{D262753A-060A-4B7C-8231-25BFE288ED5E}.Release|ARM.ActiveCfg = Release|Any CPU
		{D262753A-060A-4B7C-8231-25BFE288ED5E}.Release|ARM.Build.0 = Release|Any CPU
		{D262753A-060A-4B7C-8231-25BFE288ED5E}.Release|ARM.Deploy.0 = Release|Any CPU
		{D262753A-060A-4B7C-8231-25BFE288ED5E}.Release|x64.ActiveCfg = Release|Any CPU
		{D262753A-060A-4B7C-8231-25BFE288ED5E}.Release|x64.Build.0 = Release|Any CPU
		{D262753A-060A-4B7C-8231-25BFE288ED5E}.Release|x64.Deploy.0 = Release|Any CPU
		{D262753A-060A-4B7C-8231-25BFE288ED5E}.Release|x86.ActiveCfg = Release|Any CPU
		{D262753A-060A-4B7C-8231-25BFE288ED5E}.Release|x86.Build.0 = Release|Any CPU
		{D262753A-060A-4B7C-8231-25BFE288ED5E}.Release|x86.Deploy.0 = Release|Any CPU
		{D5DCCAAE-5EDE-4FBD-8CED-BF0425C082AA}.Debug|Any CPU.ActiveCfg = Debug|Any CPU
		{D5DCCAAE-5EDE-4FBD-8CED-BF0425C082AA}.Debug|Any CPU.Build.0 = Debug|Any CPU
		{D5DCCAAE-5EDE-4FBD-8CED-BF0425C082AA}.Debug|Any CPU.Deploy.0 = Debug|Any CPU
		{D5DCCAAE-5EDE-4FBD-8CED-BF0425C082AA}.Debug|ARM.ActiveCfg = Debug|Any CPU
		{D5DCCAAE-5EDE-4FBD-8CED-BF0425C082AA}.Debug|ARM.Build.0 = Debug|Any CPU
		{D5DCCAAE-5EDE-4FBD-8CED-BF0425C082AA}.Debug|ARM.Deploy.0 = Debug|Any CPU
		{D5DCCAAE-5EDE-4FBD-8CED-BF0425C082AA}.Debug|x64.ActiveCfg = Debug|Any CPU
		{D5DCCAAE-5EDE-4FBD-8CED-BF0425C082AA}.Debug|x64.Build.0 = Debug|Any CPU
		{D5DCCAAE-5EDE-4FBD-8CED-BF0425C082AA}.Debug|x64.Deploy.0 = Debug|Any CPU
		{D5DCCAAE-5EDE-4FBD-8CED-BF0425C082AA}.Debug|x86.ActiveCfg = Debug|Any CPU
		{D5DCCAAE-5EDE-4FBD-8CED-BF0425C082AA}.Debug|x86.Build.0 = Debug|Any CPU
		{D5DCCAAE-5EDE-4FBD-8CED-BF0425C082AA}.Debug|x86.Deploy.0 = Debug|Any CPU
		{D5DCCAAE-5EDE-4FBD-8CED-BF0425C082AA}.Release|Any CPU.ActiveCfg = Release|Any CPU
		{D5DCCAAE-5EDE-4FBD-8CED-BF0425C082AA}.Release|Any CPU.Build.0 = Release|Any CPU
		{D5DCCAAE-5EDE-4FBD-8CED-BF0425C082AA}.Release|Any CPU.Deploy.0 = Release|Any CPU
		{D5DCCAAE-5EDE-4FBD-8CED-BF0425C082AA}.Release|ARM.ActiveCfg = Release|Any CPU
		{D5DCCAAE-5EDE-4FBD-8CED-BF0425C082AA}.Release|ARM.Build.0 = Release|Any CPU
		{D5DCCAAE-5EDE-4FBD-8CED-BF0425C082AA}.Release|ARM.Deploy.0 = Release|Any CPU
		{D5DCCAAE-5EDE-4FBD-8CED-BF0425C082AA}.Release|x64.ActiveCfg = Release|Any CPU
		{D5DCCAAE-5EDE-4FBD-8CED-BF0425C082AA}.Release|x64.Build.0 = Release|Any CPU
		{D5DCCAAE-5EDE-4FBD-8CED-BF0425C082AA}.Release|x64.Deploy.0 = Release|Any CPU
		{D5DCCAAE-5EDE-4FBD-8CED-BF0425C082AA}.Release|x86.ActiveCfg = Release|Any CPU
		{D5DCCAAE-5EDE-4FBD-8CED-BF0425C082AA}.Release|x86.Build.0 = Release|Any CPU
		{D5DCCAAE-5EDE-4FBD-8CED-BF0425C082AA}.Release|x86.Deploy.0 = Release|Any CPU
	EndGlobalSection
	GlobalSection(SolutionProperties) = preSolution
		HideSolutionNode = FALSE
	EndGlobalSection
	GlobalSection(ExtensibilityGlobals) = postSolution
		SolutionGuid = {07274ABA-01B0-45FE-B58E-4C4A8BBE937E}
	EndGlobalSection
EndGlobal
